
Microsoft Visual Studio Solution File, Format Version 12.00
# Visual Studio Version 16
VisualStudioVersion = 16.0.32002.261
MinimumVisualStudioVersion = 10.0.40219.1
Project("{9A19103F-16F7-4668-BE54-9A1E7A4F7556}") = "WebAPI_CustomFilters", "WebAPI_CustomModels_AuthFilter_ExceptionFilter\WebAPI_CustomFilters.csproj", "{16777637-100E-4598-BF19-5B5624CBE0D5}"
EndProject
Global
	GlobalSection(SolutionConfigurationPlatforms) = preSolution
		Debug|Any CPU = Debug|Any CPU
		Release|Any CPU = Release|Any CPU
	EndGlobalSection
	GlobalSection(ProjectConfigurationPlatforms) = postSolution
		{16777637-100E-4598-BF19-5B5624CBE0D5}.Debug|Any CPU.ActiveCfg = Debug|Any CPU
		{16777637-100E-4598-BF19-5B5624CBE0D5}.Debug|Any CPU.Build.0 = Debug|Any CPU
		{16777637-100E-4598-BF19-5B5624CBE0D5}.Release|Any CPU.ActiveCfg = Release|Any CPU
		{16777637-100E-4598-BF19-5B5624CBE0D5}.Release|Any CPU.Build.0 = Release|Any CPU
	EndGlobalSection
	GlobalSection(SolutionProperties) = preSolution
		HideSolutionNode = FALSE
	EndGlobalSection
	GlobalSection(ExtensibilityGlobals) = postSolution
		SolutionGuid = {B3EC7CD4-E062-4130-99AC-444F43ADBDAE}
	EndGlobalSection
EndGlobal
